
Microsoft Visual Studio Solution File, Format Version 12.00
# Visual Studio Version 17
VisualStudioVersion = 17.11.35327.3
MinimumVisualStudioVersion = 10.0.40219.1
Project("{FAE04EC0-301F-11D3-BF4B-00C04F79EFBC}") = "blockchainGUI", "blockchainGUI\blockchainGUI.csproj", "{463F3AEA-3B3C-4E04-BCFB-D02BCA492ABC}"
EndProject
Global
	GlobalSection(SolutionConfigurationPlatforms) = preSolution
		Debug|Any CPU = Debug|Any CPU
		Release|Any CPU = Release|Any CPU
	EndGlobalSection
	GlobalSection(ProjectConfigurationPlatforms) = postSolution
		{463F3AEA-3B3C-4E04-BCFB-D02BCA492ABC}.Debug|Any CPU.ActiveCfg = Debug|Any CPU
		{463F3AEA-3B3C-4E04-BCFB-D02BCA492ABC}.Debug|Any CPU.Build.0 = Debug|Any CPU
		{463F3AEA-3B3C-4E04-BCFB-D02BCA492ABC}.Release|Any CPU.ActiveCfg = Release|Any CPU
		{463F3AEA-3B3C-4E04-BCFB-D02BCA492ABC}.Release|Any CPU.Build.0 = Release|Any CPU
	EndGlobalSection
	GlobalSection(SolutionProperties) = preSolution
		HideSolutionNode = FALSE
	EndGlobalSection
	GlobalSection(ExtensibilityGlobals) = postSolution
		SolutionGuid = {E8B3411E-1ADC-4278-8CDE-C2F9D6E3A674}
	EndGlobalSection
EndGlobal
